Microsoft Visual Studio Solution File, Format Version 12.00
# Visual Studio 2012
Project("{FAE04EC0-301F-11D3-BF4B-00C04F79EFBC}") = "GoDots", "GoDots.csproj", "{2D93C3A4-F4DB-4F19-A31C-0F4D10B28FC4}"
EndProject
Project("{FAE04EC0-301F-11D3-BF4B-00C04F79EFBC}") = "DroxtalWolf", "..\..\LGTracer\DroxtalWolf\DroxtalWolf.csproj", "{56D01226-8FD2-40F8-8B80-7AF6A1920A0C}"
EndProject
Project("{FAE04EC0-301F-11D3-BF4B-00C04F79EFBC}") = "AtmosTools", "..\..\LGTracer\AtmosTools\AtmosTools.csproj", "{BDDFDC0A-6CDB-49E2-B1E3-9B9C811BFC7F}"
EndProject
Global
	GlobalSection(SolutionConfigurationPlatforms) = preSolution
	Debug|Any CPU = Debug|Any CPU
	ExportDebug|Any CPU = ExportDebug|Any CPU
	ExportRelease|Any CPU = ExportRelease|Any CPU
	EndGlobalSection
	GlobalSection(ProjectConfigurationPlatforms) = postSolution
		{2D93C3A4-F4DB-4F19-A31C-0F4D10B28FC4}.Debug|Any CPU.ActiveCfg = Debug|Any CPU
		{2D93C3A4-F4DB-4F19-A31C-0F4D10B28FC4}.Debug|Any CPU.Build.0 = Debug|Any CPU
		{2D93C3A4-F4DB-4F19-A31C-0F4D10B28FC4}.ExportDebug|Any CPU.ActiveCfg = ExportDebug|Any CPU
		{2D93C3A4-F4DB-4F19-A31C-0F4D10B28FC4}.ExportDebug|Any CPU.Build.0 = ExportDebug|Any CPU
		{2D93C3A4-F4DB-4F19-A31C-0F4D10B28FC4}.ExportRelease|Any CPU.ActiveCfg = ExportRelease|Any CPU
		{2D93C3A4-F4DB-4F19-A31C-0F4D10B28FC4}.ExportRelease|Any CPU.Build.0 = ExportRelease|Any CPU
		{56D01226-8FD2-40F8-8B80-7AF6A1920A0C}.Debug|Any CPU.ActiveCfg = Debug|Any CPU
		{56D01226-8FD2-40F8-8B80-7AF6A1920A0C}.Debug|Any CPU.Build.0 = Debug|Any CPU
		{56D01226-8FD2-40F8-8B80-7AF6A1920A0C}.ExportDebug|Any CPU.ActiveCfg = Debug|Any CPU
		{56D01226-8FD2-40F8-8B80-7AF6A1920A0C}.ExportDebug|Any CPU.Build.0 = Debug|Any CPU
		{56D01226-8FD2-40F8-8B80-7AF6A1920A0C}.ExportRelease|Any CPU.ActiveCfg = Release|Any CPU
		{56D01226-8FD2-40F8-8B80-7AF6A1920A0C}.ExportRelease|Any CPU.Build.0 = Release|Any CPU
		{BDDFDC0A-6CDB-49E2-B1E3-9B9C811BFC7F}.Debug|Any CPU.ActiveCfg = Debug|Any CPU
		{BDDFDC0A-6CDB-49E2-B1E3-9B9C811BFC7F}.Debug|Any CPU.Build.0 = Debug|Any CPU
		{BDDFDC0A-6CDB-49E2-B1E3-9B9C811BFC7F}.ExportDebug|Any CPU.ActiveCfg = Debug|Any CPU
		{BDDFDC0A-6CDB-49E2-B1E3-9B9C811BFC7F}.ExportDebug|Any CPU.Build.0 = Debug|Any CPU
		{BDDFDC0A-6CDB-49E2-B1E3-9B9C811BFC7F}.ExportRelease|Any CPU.ActiveCfg = Release|Any CPU
		{BDDFDC0A-6CDB-49E2-B1E3-9B9C811BFC7F}.ExportRelease|Any CPU.Build.0 = Release|Any CPU
	EndGlobalSection
EndGlobal
